
Microsoft Visual Studio Solution File, Format Version 12.00
# Visual Studio Version 17
VisualStudioVersion = 17.14.36203.30 d17.14
MinimumVisualStudioVersion = 10.0.40219.1
Project("{FAE04EC0-301F-11D3-BF4B-00C04F79EFBC}") = "Core", "Core\Core.csproj", "{449A9A08-1542-414B-B351-2B6564D0EDB4}"
EndProject
Global
	GlobalSection(SolutionConfigurationPlatforms) = preSolution
		Debug|Any CPU = Debug|Any CPU
		Release|Any CPU = Release|Any CPU
	EndGlobalSection
	GlobalSection(ProjectConfigurationPlatforms) = postSolution
		{449A9A08-1542-414B-B351-2B6564D0EDB4}.Debug|Any CPU.ActiveCfg = Debug|Any CPU
		{449A9A08-1542-414B-B351-2B6564D0EDB4}.Debug|Any CPU.Build.0 = Debug|Any CPU
		{449A9A08-1542-414B-B351-2B6564D0EDB4}.Release|Any CPU.ActiveCfg = Release|Any CPU
		{449A9A08-1542-414B-B351-2B6564D0EDB4}.Release|Any CPU.Build.0 = Release|Any CPU
	EndGlobalSection
	GlobalSection(SolutionProperties) = preSolution
		HideSolutionNode = FALSE
	EndGlobalSection
	GlobalSection(ExtensibilityGlobals) = postSolution
		SolutionGuid = {CF93F5A4-1A1F-48AE-B16D-BB3CAC507338}
	EndGlobalSection
EndGlobal
